
Microsoft Visual Studio Solution File, Format Version 12.00
# Visual Studio Version 17
VisualStudioVersion = 17.0.31903.59
MinimumVisualStudioVersion = 10.0.40219.1
Project("{FAE04EC0-301F-11D3-BF4B-00C04F79EFBC}") = "frontend", "frontend\frontend.csproj", "{488A9EF4-9456-4436-93AD-833139F32056}"
EndProject
Project("{FAE04EC0-301F-11D3-BF4B-00C04F79EFBC}") = "backend", "backend\backend.csproj", "{5FF63E34-3CD0-4D6E-9AC4-FF15632EDD5A}"
EndProject
Project("{FAE04EC0-301F-11D3-BF4B-00C04F79EFBC}") = "apphost", "apphost\apphost.csproj", "{4AE8CAC8-D096-43C7-95E3-DFDE655E8139}"
EndProject
Global
	GlobalSection(SolutionConfigurationPlatforms) = preSolution
		Debug|Any CPU = Debug|Any CPU
		Release|Any CPU = Release|Any CPU
	EndGlobalSection
	GlobalSection(SolutionProperties) = preSolution
		HideSolutionNode = FALSE
	EndGlobalSection
	GlobalSection(ProjectConfigurationPlatforms) = postSolution
		{488A9EF4-9456-4436-93AD-833139F32056}.Debug|Any CPU.ActiveCfg = Debug|Any CPU
		{488A9EF4-9456-4436-93AD-833139F32056}.Debug|Any CPU.Build.0 = Debug|Any CPU
		{488A9EF4-9456-4436-93AD-833139F32056}.Release|Any CPU.ActiveCfg = Release|Any CPU
		{488A9EF4-9456-4436-93AD-833139F32056}.Release|Any CPU.Build.0 = Release|Any CPU
		{5FF63E34-3CD0-4D6E-9AC4-FF15632EDD5A}.Debug|Any CPU.ActiveCfg = Debug|Any CPU
		{5FF63E34-3CD0-4D6E-9AC4-FF15632EDD5A}.Debug|Any CPU.Build.0 = Debug|Any CPU
		{5FF63E34-3CD0-4D6E-9AC4-FF15632EDD5A}.Release|Any CPU.ActiveCfg = Release|Any CPU
		{5FF63E34-3CD0-4D6E-9AC4-FF15632EDD5A}.Release|Any CPU.Build.0 = Release|Any CPU
		{4AE8CAC8-D096-43C7-95E3-DFDE655E8139}.Debug|Any CPU.ActiveCfg = Debug|Any CPU
		{4AE8CAC8-D096-43C7-95E3-DFDE655E8139}.Debug|Any CPU.Build.0 = Debug|Any CPU
		{4AE8CAC8-D096-43C7-95E3-DFDE655E8139}.Release|Any CPU.ActiveCfg = Release|Any CPU
		{4AE8CAC8-D096-43C7-95E3-DFDE655E8139}.Release|Any CPU.Build.0 = Release|Any CPU
	EndGlobalSection
EndGlobal
